
Microsoft Visual Studio Solution File, Format Version 12.00
# Visual Studio Version 16
VisualStudioVersion = 16.0.30804.86
MinimumVisualStudioVersion = 10.0.40219.1
Project("{FAE04EC0-301F-11D3-BF4B-00C04F79EFBC}") = "Klassen - Advanced", "Klassen - Advanced\Klassen - Advanced.csproj", "{14464F86-093A-435B-86A4-FABDFB3FBB11}"
EndProject
Global
	GlobalSection(SolutionConfigurationPlatforms) = preSolution
		Debug|Any CPU = Debug|Any CPU
		Release|Any CPU = Release|Any CPU
	EndGlobalSection
	GlobalSection(ProjectConfigurationPlatforms) = postSolution
		{14464F86-093A-435B-86A4-FABDFB3FBB11}.Debug|Any CPU.ActiveCfg = Debug|Any CPU
		{14464F86-093A-435B-86A4-FABDFB3FBB11}.Debug|Any CPU.Build.0 = Debug|Any CPU
		{14464F86-093A-435B-86A4-FABDFB3FBB11}.Release|Any CPU.ActiveCfg = Release|Any CPU
		{14464F86-093A-435B-86A4-FABDFB3FBB11}.Release|Any CPU.Build.0 = Release|Any CPU
	EndGlobalSection
	GlobalSection(SolutionProperties) = preSolution
		HideSolutionNode = FALSE
	EndGlobalSection
	GlobalSection(ExtensibilityGlobals) = postSolution
		SolutionGuid = {F2CB5659-4495-4B7E-9B5D-46B11F2CCA8F}
	EndGlobalSection
EndGlobal
